
Microsoft Visual Studio Solution File, Format Version 12.00
# Visual Studio Version 17
VisualStudioVersion = 17.13.35825.156 d17.13
MinimumVisualStudioVersion = 10.0.40219.1
Project("{8BC9CEB8-8B4A-11D0-8D11-00A0C91BC942}") = "MatrixMultiplication", "MatrixMultiplication.vcxproj", "{2AFBEA4F-8848-B900-C606-9BA9E3737568}"
EndProject
Global
	GlobalSection(SolutionConfigurationPlatforms) = preSolution
		Debug|x64 = Debug|x64
		Release|x64 = Release|x64
	EndGlobalSection
	GlobalSection(ProjectConfigurationPlatforms) = postSolution
		{2AFBEA4F-8848-B900-C606-9BA9E3737568}.Debug|x64.ActiveCfg = Debug|x64
		{2AFBEA4F-8848-B900-C606-9BA9E3737568}.Debug|x64.Build.0 = Debug|x64
		{2AFBEA4F-8848-B900-C606-9BA9E3737568}.Release|x64.ActiveCfg = Release|x64
		{2AFBEA4F-8848-B900-C606-9BA9E3737568}.Release|x64.Build.0 = Release|x64
	EndGlobalSection
	GlobalSection(SolutionProperties) = preSolution
		HideSolutionNode = FALSE
	EndGlobalSection
	GlobalSection(ExtensibilityGlobals) = postSolution
		SolutionGuid = {14139B4D-77CF-40B3-BF93-3540DCA2AEDB}
	EndGlobalSection
EndGlobal
