
Microsoft Visual Studio Solution File, Format Version 12.00
# Visual Studio Version 17
VisualStudioVersion = 17.13.35825.156 d17.13
MinimumVisualStudioVersion = 10.0.40219.1
Project("{8BC9CEB8-8B4A-11D0-8D11-00A0C91BC942}") = "VectorAdditionCPU", "VectorAdditionCPU.vcxproj", "{30A682E5-78D2-4C90-ACB3-98ED8C8462A2}"
EndProject
Global
	GlobalSection(SolutionConfigurationPlatforms) = preSolution
		Debug|x64 = Debug|x64
		Debug|x86 = Debug|x86
		Release|x64 = Release|x64
		Release|x86 = Release|x86
	EndGlobalSection
	GlobalSection(ProjectConfigurationPlatforms) = postSolution
		{30A682E5-78D2-4C90-ACB3-98ED8C8462A2}.Debug|x64.ActiveCfg = Debug|x64
		{30A682E5-78D2-4C90-ACB3-98ED8C8462A2}.Debug|x64.Build.0 = Debug|x64
		{30A682E5-78D2-4C90-ACB3-98ED8C8462A2}.Debug|x86.ActiveCfg = Debug|Win32
		{30A682E5-78D2-4C90-ACB3-98ED8C8462A2}.Debug|x86.Build.0 = Debug|Win32
		{30A682E5-78D2-4C90-ACB3-98ED8C8462A2}.Release|x64.ActiveCfg = Release|x64
		{30A682E5-78D2-4C90-ACB3-98ED8C8462A2}.Release|x64.Build.0 = Release|x64
		{30A682E5-78D2-4C90-ACB3-98ED8C8462A2}.Release|x86.ActiveCfg = Release|Win32
		{30A682E5-78D2-4C90-ACB3-98ED8C8462A2}.Release|x86.Build.0 = Release|Win32
	EndGlobalSection
	GlobalSection(SolutionProperties) = preSolution
		HideSolutionNode = FALSE
	EndGlobalSection
	GlobalSection(ExtensibilityGlobals) = postSolution
		SolutionGuid = {FE92224B-FEE6-4556-939C-DD5DC7BEF232}
	EndGlobalSection
EndGlobal
