
Microsoft Visual Studio Solution File, Format Version 12.00
# Visual Studio Version 17
VisualStudioVersion = 17.13.35825.156 d17.13
MinimumVisualStudioVersion = 10.0.40219.1
Project("{8BC9CEB8-8B4A-11D0-8D11-00A0C91BC942}") = "VectorAddition", "VectorAddition.vcxproj", "{FEB372C0-F6ED-C2F0-C41B-6D1AE138F6DB}"
EndProject
Global
	GlobalSection(SolutionConfigurationPlatforms) = preSolution
		Debug|x64 = Debug|x64
		Release|x64 = Release|x64
	EndGlobalSection
	GlobalSection(ProjectConfigurationPlatforms) = postSolution
		{FEB372C0-F6ED-C2F0-C41B-6D1AE138F6DB}.Debug|x64.ActiveCfg = Debug|x64
		{FEB372C0-F6ED-C2F0-C41B-6D1AE138F6DB}.Debug|x64.Build.0 = Debug|x64
		{FEB372C0-F6ED-C2F0-C41B-6D1AE138F6DB}.Release|x64.ActiveCfg = Release|x64
		{FEB372C0-F6ED-C2F0-C41B-6D1AE138F6DB}.Release|x64.Build.0 = Release|x64
	EndGlobalSection
	GlobalSection(SolutionProperties) = preSolution
		HideSolutionNode = FALSE
	EndGlobalSection
	GlobalSection(ExtensibilityGlobals) = postSolution
		SolutionGuid = {141E8119-3EED-4CF9-B8FF-E03DE3840662}
	EndGlobalSection
EndGlobal
